
Microsoft Visual Studio Solution File, Format Version 12.00
Project("{FAE04EC0-301F-11D3-BF4B-00C04F79EFBC}") = "worbench", "worbench\worbench.csproj", "{A0EE262B-11B5-483B-A976-897107161D08}"
EndProject
Global
	GlobalSection(SolutionConfigurationPlatforms) = preSolution
		Debug|Any CPU = Debug|Any CPU
		Release|Any CPU = Release|Any CPU
	EndGlobalSection
	GlobalSection(ProjectConfigurationPlatforms) = postSolution
		{A0EE262B-11B5-483B-A976-897107161D08}.Debug|Any CPU.ActiveCfg = Debug|Any CPU
		{A0EE262B-11B5-483B-A976-897107161D08}.Debug|Any CPU.Build.0 = Debug|Any CPU
		{A0EE262B-11B5-483B-A976-897107161D08}.Release|Any CPU.ActiveCfg = Release|Any CPU
		{A0EE262B-11B5-483B-A976-897107161D08}.Release|Any CPU.Build.0 = Release|Any CPU
	EndGlobalSection
EndGlobal
